
Microsoft Visual Studio Solution File, Format Version 12.00
# Visual Studio Version 17
VisualStudioVersion = 17.14.37216.2
MinimumVisualStudioVersion = 10.0.40219.1
Project("{FAE04EC0-301F-11D3-BF4B-00C04F79EFBC}") = "DemoUnitTest_ConsoleApp", "DemoUnitTest_ConsoleApp\DemoUnitTest_ConsoleApp.csproj", "{2BA6E169-E453-4CE3-9954-9F3F40513BDB}"
EndProject
Project("{FAE04EC0-301F-11D3-BF4B-00C04F79EFBC}") = "UnitTest", "UnitTest\UnitTest.csproj", "{B4A304D8-6A75-4B79-8D1E-2302004ABCD6}"
EndProject
Global
	GlobalSection(SolutionConfigurationPlatforms) = preSolution
		Debug|Any CPU = Debug|Any CPU
		Debug|x64 = Debug|x64
		Debug|x86 = Debug|x86
		Release|Any CPU = Release|Any CPU
		Release|x64 = Release|x64
		Release|x86 = Release|x86
	EndGlobalSection
	GlobalSection(ProjectConfigurationPlatforms) = postSolution
		{2BA6E169-E453-4CE3-9954-9F3F40513BDB}.Debug|Any CPU.ActiveCfg = Debug|Any CPU
		{2BA6E169-E453-4CE3-9954-9F3F40513BDB}.Debug|Any CPU.Build.0 = Debug|Any CPU
		{2BA6E169-E453-4CE3-9954-9F3F40513BDB}.Debug|x64.ActiveCfg = Debug|Any CPU
		{2BA6E169-E453-4CE3-9954-9F3F40513BDB}.Debug|x64.Build.0 = Debug|Any CPU
		{2BA6E169-E453-4CE3-9954-9F3F40513BDB}.Debug|x86.ActiveCfg = Debug|Any CPU
		{2BA6E169-E453-4CE3-9954-9F3F40513BDB}.Debug|x86.Build.0 = Debug|Any CPU
		{2BA6E169-E453-4CE3-9954-9F3F40513BDB}.Release|Any CPU.ActiveCfg = Release|Any CPU
		{2BA6E169-E453-4CE3-9954-9F3F40513BDB}.Release|Any CPU.Build.0 = Release|Any CPU
		{2BA6E169-E453-4CE3-9954-9F3F40513BDB}.Release|x64.ActiveCfg = Release|Any CPU
		{2BA6E169-E453-4CE3-9954-9F3F40513BDB}.Release|x64.Build.0 = Release|Any CPU
		{2BA6E169-E453-4CE3-9954-9F3F40513BDB}.Release|x86.ActiveCfg = Release|Any CPU
		{2BA6E169-E453-4CE3-9954-9F3F40513BDB}.Release|x86.Build.0 = Release|Any CPU
		{B4A304D8-6A75-4B79-8D1E-2302004ABCD6}.Debug|Any CPU.ActiveCfg = Debug|Any CPU
		{B4A304D8-6A75-4B79-8D1E-2302004ABCD6}.Debug|Any CPU.Build.0 = Debug|Any CPU
		{B4A304D8-6A75-4B79-8D1E-2302004ABCD6}.Debug|x64.ActiveCfg = Debug|Any CPU
		{B4A304D8-6A75-4B79-8D1E-2302004ABCD6}.Debug|x64.Build.0 = Debug|Any CPU
		{B4A304D8-6A75-4B79-8D1E-2302004ABCD6}.Debug|x86.ActiveCfg = Debug|Any CPU
		{B4A304D8-6A75-4B79-8D1E-2302004ABCD6}.Debug|x86.Build.0 = Debug|Any CPU
		{B4A304D8-6A75-4B79-8D1E-2302004ABCD6}.Release|Any CPU.ActiveCfg = Release|Any CPU
		{B4A304D8-6A75-4B79-8D1E-2302004ABCD6}.Release|Any CPU.Build.0 = Release|Any CPU
		{B4A304D8-6A75-4B79-8D1E-2302004ABCD6}.Release|x64.ActiveCfg = Release|Any CPU
		{B4A304D8-6A75-4B79-8D1E-2302004ABCD6}.Release|x64.Build.0 = Release|Any CPU
		{B4A304D8-6A75-4B79-8D1E-2302004ABCD6}.Release|x86.ActiveCfg = Release|Any CPU
		{B4A304D8-6A75-4B79-8D1E-2302004ABCD6}.Release|x86.Build.0 = Release|Any CPU
	EndGlobalSection
	GlobalSection(SolutionProperties) = preSolution
		HideSolutionNode = FALSE
	EndGlobalSection
	GlobalSection(ExtensibilityGlobals) = postSolution
		SolutionGuid = {B9950015-ACE9-4801-B759-3A3F89E55A55}
	EndGlobalSection
EndGlobal
